lockfileVersion: '9.0'

settings:
  autoInstallPeers: true
  excludeLinksFromLockfile: false

importers:

  .:
    dependencies:
      '@effect/platform-node':
        specifier: 4.0.0-rc.112
        version: 4.0.0-rc.112(effect@4.0.0-rc.112)(redis@6.2.1)
      effect:
        specifier: 4.0.0-rc.112
        version: 4.0.0-rc.112
      typescript:
        specifier: 6.0.3
        version: 6.0.3
      yaml:
        specifier: 2.9.0
        version: 2.9.0
    devDependencies:
      '@types/node':
        specifier: 24.13.3
        version: 24.13.3

packages:

  '@effect/platform-node-shared@4.0.0-rc.115':
    resolution: {integrity: sha512-rcBwhDIfb82akJoTv7Vwh8K5x9vC/XfuePS7JjOr+z+dORXzsmKqI1BUQF27ARCN9fTAbDh7I6YvBlWhLjnqNg==}
    engines: {node: '>=18.0.0'}
    peerDependencies:
      effect: ^4.0.0-rc.115

  '@effect/platform-node@4.0.0-rc.112':
    resolution: {integrity: sha512-/BMAcdNGQQskLmI0Zoa95KfTZkr9HV9N4NSxaSrusG6GeW6Ulp9KvZ+Rlaiw8lnOt43CXjFLdfll5/k5rxL4hQ==}
    engines: {node: '>=18.0.0'}
    peerDependencies:
      effect: ^4.0.0-rc.112
      redis: '>=5.0.0 <7.0.0'

  '@msgpackr-extract/msgpackr-extract-darwin-arm64@3.0.4':
    resolution: {integrity: sha512-LCkGo6JDfaBhgST7UpPWgNgLINpcpabaHfyz5OBx75nUYxBsaEPxjnyNjWpeb/xBup/682QnBfRBy2/LvPutZQ==}
    cpu: [arm64]
    os: [darwin]

  '@msgpackr-extract/msgpackr-extract-darwin-x64@3.0.4':
    resolution: {integrity: sha512-zExlW9zUJKZH/tOtVMttwjKa4Xm/3KcNjnE3dPN92uCktwavMxpgCA3MoJK/DOnTWsQgo224OaST27/mPNAf+w==}
    cpu: [x64]
    os: [darwin]

  '@msgpackr-extract/msgpackr-extract-linux-arm64@3.0.4':
    resolution: {integrity: sha512-dgX0P/9wGPJeHFBG+ZmhgE6bmtMt7NP5CRBGyyktpopdk/mW4POnrpQsSLtKI1dwpc+pPLuXHDh6vvskyQE/sw==}
    cpu: [arm64]
    os: [linux]

  '@msgpackr-extract/msgpackr-extract-linux-arm@3.0.4':
    resolution: {integrity: sha512-Tg3yX65f5GbtXLkrYEHE5oibZG9epyYWas7FogTTEJeDEF9JlXJzKgXaNhT3UXlTOeA+AfZpYZYZ0uPj7Cfquw==}
    cpu: [arm]
    os: [linux]

  '@msgpackr-extract/msgpackr-extract-linux-x64@3.0.4':
    resolution: {integrity: sha512-8TNXMEjJc3QEy7R/x1INhgiU+XakDAFUzBhaz7+Rbrs8NH5UQeHQxxmzsSBJGyV6I1jW79undiQm8tOI+D+8FQ==}
    cpu: [x64]
    os: [linux]

  '@msgpackr-extract/msgpackr-extract-win32-x64@3.0.4':
    resolution: {integrity: sha512-CmCXPQrkbwExx3j946/PtHWHbYJiCRBRDl4BlkRQcJB/YOwQxJRTpoo7aTsortjgoJ1x7opzTSxn7C+ASSLVjQ==}
    cpu: [x64]
    os: [win32]

  '@redis/bloom@6.2.1':
    resolution: {integrity: sha512-huQgNLaCIZfQ9SeLn4q9124uOUd8HbZDYHwwUzNcRgHqCHiHKl2dDxMqJCeWh8cMqZAoWuHR8XnWbDMIf+o7ag==}
    engines: {node: '>= 20.0.0'}
    peerDependencies:
      '@redis/client': ^6.2.1

  '@redis/client@6.2.1':
    resolution: {integrity: sha512-LzxBY7SIBvvJiyCgcaJZZakE3fJrZZ++i24+EDW9fKpCl68D35uJcKFpZZwCfOoG9WZTbyZlMzMeM0gtOAMU9Q==}
    engines: {node: '>= 20.0.0'}
    peerDependencies:
      '@node-rs/xxhash': ^1.1.0
      '@opentelemetry/api': '>=1 <2'
    peerDependenciesMeta:
      '@node-rs/xxhash':
        optional: true
      '@opentelemetry/api':
        optional: true

  '@redis/json@6.2.1':
    resolution: {integrity: sha512-AFIUJ8Gj0DaaSBHYuSt8+O0oYWM+50OK1c0OmodB7XERIA8+BbyV3O4v76f9iccWasd1/7qjfZTpuzexUaZtrQ==}
    engines: {node: '>= 20.0.0'}
    peerDependencies:
      '@redis/client': ^6.2.1

  '@redis/search@6.2.1':
    resolution: {integrity: sha512-2vfOAOyYFE7UUw3sBBlkqqruBtOUS4HRY5MtW4hp83llrwvtrTE4r22CEqXddlV+54zkLxBE4nmsIJ/dpezQrQ==}
    engines: {node: '>= 20.0.0'}
    peerDependencies:
      '@redis/client': ^6.2.1

  '@redis/time-series@6.2.1':
    resolution: {integrity: sha512-kiYniph04dJOole+L359B6C9E+jYS2uDP7hca6Onj0xF38ZIpyxARO0Iq0W4ZRn1e8Q6vqW00QFZVSMRA/2Ijw==}
    engines: {node: '>= 20.0.0'}
    peerDependencies:
      '@redis/client': ^6.2.1

  '@types/node@24.13.3':
    resolution: {integrity: sha512-Dh8vAsV36ig5wa9OX4pXvMc9D3Veibfw2wix0CUwYODLD8nkj9UsLjASr49nPg+2eKzxhBV+v7L8pXvT4e639Q==}

  '@types/ws@8.18.1':
    resolution: {integrity: sha512-ThVF6DCVhA8kUGy+aazFQ4kXQ7E1Ty7A3ypFOe0IcJV8O/M511G99AW24irKrW56Wt44yG9+ij8FaqoBGkuBXg==}

  cluster-key-slot@1.1.2:
    resolution: {integrity: sha512-RMr0FhtfXemyinomL4hrWcYJxmX6deFdCxpJzhDttxgO1+bcCnkk+9drydLVDmAMG7NE6aN/fl4F7ucU/90gAA==}
    engines: {node: '>=0.10.0'}

  detect-libc@2.1.2:
    resolution: {integrity: sha512-Btj2BOOO83o3WyH59e8MgXsxEQVcarkUOpEYrubB0urwnN10yQ364rsiByU11nZlqWYZm05i/of7io4mzihBtQ==}
    engines: {node: '>=8'}

  effect@4.0.0-rc.112:
    resolution: {integrity: sha512-wXxwuh1Ywnv4cPRM3Wfa0vDwuOHnZ1TsTgHJkG9XgzND6inhBH9n1vBxhg3iIXOia/OrpmvVmd3lrD4vq6bF3A==}

  fast-check@4.10.0:
    resolution: {integrity: sha512-hhqQL+IJllZi3aM4TKvmCj3bywLEcycNTTLZeLhA9ttMxBrCqM07q7Di4kl+j9EWSTXvJH1+EpIgsDbF/+8H5Q==}
    engines: {node: '>=12.17.0'}

  mime@4.1.0:
    resolution: {integrity: sha512-X5ju04+cAzsojXKes0B/S4tcYtFAJ6tTMuSPBEn9CPGlrWr8Fiw7qYeLT0XyH80HSoAoqWCaz+MWKh22P7G1cw==}
    engines: {node: '>=16'}
    hasBin: true

  msgpackr-extract@3.0.4:
    resolution: {integrity: sha512-4kmO/MdyUIkLIvTPr8VHLil4AtoKIoniWPIEk5+CDy0xnWC84azhSFmuJ7PxZdsYtiP5kEeQsORAVIeMgxT+Hw==}
    hasBin: true

  msgpackr@2.1.0:
    resolution: {integrity: sha512-p/pBCVO63CsvvpkomUnNNag6+n38rULuDA6HHe70o2gtC8ODI52foF/4ko2qQcp6OiErJXTmrZeXmsGGHsIQNQ==}

  node-gyp-build-optional-packages@5.2.2:
    resolution: {integrity: sha512-s+w+rBWnpTMwSFbaE0UXsRlg7hU4FjekKU4eyAih5T8nJuNZT1nNsskXpxmeqSK9UzkBl6UgRlnKc8hz8IEqOw==}
    hasBin: true

  pure-rand@8.4.2:
    resolution: {integrity: sha512-vvuOGgcuPJAirlHvuQw1TrOiw7ptaIXXmIbNuiNOY6lNGJJH49PQ1Kj4nd783nPdQhQdicgOjVI2yI/9BD6/Ng==}

  redis@6.2.1:
    resolution: {integrity: sha512-Z9VHtgYs48PiQC77X9O2Er8Hj4T+5BtFjT91/vi5Is1D04N72cA946ZslM1ImJw8ZctFBZWAVjM7S5wJNeHMpg==}
    engines: {node: '>= 20.0.0'}

  typescript@6.0.3:
    resolution: {integrity: sha512-y2TvuxSZPDyQakkFRPZHKFm+KKVqIisdg9/CZwm9ftvKXLP8NRWj38/ODjNbr43SsoXqNuAisEf1GdCxqWcdBw==}
    engines: {node: '>=14.17'}
    hasBin: true

  undici-types@7.18.2:
    resolution: {integrity: sha512-AsuCzffGHJybSaRrmr5eHr81mwJU3kjw6M+uprWvCXiNeN9SOGwQ3Jn8jb8m3Z6izVgknn1R0FTCEAP2QrLY/w==}

  undici@8.10.2:
    resolution: {integrity: sha512-/y4/bH9YNU5hi9NIrpOuvGXFcxrj3CMrV+/AYpowAYTpHn8gX/XPFjNy766FPoYY0miQhdW977JFWKGNhBdwyQ==}
    engines: {node: '>=22.19.0'}

  ws@8.21.3:
    resolution: {integrity: sha512-201TZ/kPWxoPr/OKWjquZR1SWKXcvxdH+e1xrx89b3YbmzLMFCLfnaG1HFIgWzJOEWZ7MvpK++odZufgYR50Rw==}
    engines: {node: '>=10.0.0'}
    peerDependencies:
      bufferutil: ^4.0.1
      utf-8-validate: '>=5.0.2'
    peerDependenciesMeta:
      bufferutil:
        optional: true
      utf-8-validate:
        optional: true

  yaml@2.9.0:
    resolution: {integrity: sha512-2AvhNX3mb8zd6Zy7INTtSpl1F15HW6Wnqj0srWlkKLcpYl/gMIMJiyuGq2KeI2YFxUPjdlB+3Lc10seMLtL4cA==}
    engines: {node: '>= 14.6'}
    hasBin: true

snapshots:

  '@effect/platform-node-shared@4.0.0-rc.115(effect@4.0.0-rc.112)':
    dependencies:
      '@types/ws': 8.18.1
      effect: 4.0.0-rc.112
      ws: 8.21.3
    transitivePeerDependencies:
      - bufferutil
      - utf-8-validate

  '@effect/platform-node@4.0.0-rc.112(effect@4.0.0-rc.112)(redis@6.2.1)':
    dependencies:
      '@effect/platform-node-shared': 4.0.0-rc.115(effect@4.0.0-rc.112)
      effect: 4.0.0-rc.112
      mime: 4.1.0
      redis: 6.2.1
      undici: 8.10.2
    transitivePeerDependencies:
      - bufferutil
      - utf-8-validate

  '@msgpackr-extract/msgpackr-extract-darwin-arm64@3.0.4':
    optional: true

  '@msgpackr-extract/msgpackr-extract-darwin-x64@3.0.4':
    optional: true

  '@msgpackr-extract/msgpackr-extract-linux-arm64@3.0.4':
    optional: true

  '@msgpackr-extract/msgpackr-extract-linux-arm@3.0.4':
    optional: true

  '@msgpackr-extract/msgpackr-extract-linux-x64@3.0.4':
    optional: true

  '@msgpackr-extract/msgpackr-extract-win32-x64@3.0.4':
    optional: true

  '@redis/bloom@6.2.1(@redis/client@6.2.1)':
    dependencies:
      '@redis/client': 6.2.1

  '@redis/client@6.2.1':
    dependencies:
      cluster-key-slot: 1.1.2

  '@redis/json@6.2.1(@redis/client@6.2.1)':
    dependencies:
      '@redis/client': 6.2.1

  '@redis/search@6.2.1(@redis/client@6.2.1)':
    dependencies:
      '@redis/client': 6.2.1

  '@redis/time-series@6.2.1(@redis/client@6.2.1)':
    dependencies:
      '@redis/client': 6.2.1

  '@types/node@24.13.3':
    dependencies:
      undici-types: 7.18.2

  '@types/ws@8.18.1':
    dependencies:
      '@types/node': 24.13.3

  cluster-key-slot@1.1.2: {}

  detect-libc@2.1.2:
    optional: true

  effect@4.0.0-rc.112:
    dependencies:
      fast-check: 4.10.0
      msgpackr: 2.1.0

  fast-check@4.10.0:
    dependencies:
      pure-rand: 8.4.2

  mime@4.1.0: {}

  msgpackr-extract@3.0.4:
    dependencies:
      node-gyp-build-optional-packages: 5.2.2
    optionalDependencies:
      '@msgpackr-extract/msgpackr-extract-darwin-arm64': 3.0.4
      '@msgpackr-extract/msgpackr-extract-darwin-x64': 3.0.4
      '@msgpackr-extract/msgpackr-extract-linux-arm': 3.0.4
      '@msgpackr-extract/msgpackr-extract-linux-arm64': 3.0.4
      '@msgpackr-extract/msgpackr-extract-linux-x64': 3.0.4
      '@msgpackr-extract/msgpackr-extract-win32-x64': 3.0.4
    optional: true

  msgpackr@2.1.0:
    optionalDependencies:
      msgpackr-extract: 3.0.4

  node-gyp-build-optional-packages@5.2.2:
    dependencies:
      detect-libc: 2.1.2
    optional: true

  pure-rand@8.4.2: {}

  redis@6.2.1:
    dependencies:
      '@redis/bloom': 6.2.1(@redis/client@6.2.1)
      '@redis/client': 6.2.1
      '@redis/json': 6.2.1(@redis/client@6.2.1)
      '@redis/search': 6.2.1(@redis/client@6.2.1)
      '@redis/time-series': 6.2.1(@redis/client@6.2.1)
    transitivePeerDependencies:
      - '@node-rs/xxhash'
      - '@opentelemetry/api'

  typescript@6.0.3: {}

  undici-types@7.18.2: {}

  undici@8.10.2: {}

  ws@8.21.3: {}

  yaml@2.9.0: {}
